schema: '2.0'
stages:
  data_ingestion:
    cmd: python src\data\data_ingestion.py
    deps:
    - path: src\data\data_ingestion.py
      hash: md5
      md5: c436f8718f7fb82b0d3bd355a8ffed02
      size: 3476
    params:
      params.yaml:
        data_ingestion.test_size: 0.4
    outs:
    - path: data\raw\test.csv
      hash: md5
      md5: 8d028d8e5c28585383276fd4538c8c39
      size: 332828
    - path: data\raw\train.csv
      hash: md5
      md5: 3aa2c149180d8f56d4acdf630b608979
      size: 495145
  data_preprocessing:
    cmd: python src\data\data_preprocessing.py
    deps:
    - path: data\raw\test.csv
      hash: md5
      md5: 8d028d8e5c28585383276fd4538c8c39
      size: 332828
    - path: data\raw\train.csv
      hash: md5
      md5: 3aa2c149180d8f56d4acdf630b608979
      size: 495145
    - path: src\data\data_preprocessing.py
      hash: md5
      md5: f89bc7dfdb14b3d04f5218b459e3ce2f
      size: 5494
    outs:
    - path: data\processed\test.csv
      hash: md5
      md5: edadc2b328531fd362d9db7d4838250b
      size: 227810
    - path: data\processed\train.csv
      hash: md5
      md5: 7e9214ed333be88bfa1c3d2475204133
      size: 338400
  feature_engg:
    cmd: python src\features\feature_engg.py
    deps:
    - path: data\processed\test.csv
      hash: md5
      md5: edadc2b328531fd362d9db7d4838250b
      size: 227810
    - path: data\processed\train.csv
      hash: md5
      md5: 7e9214ed333be88bfa1c3d2475204133
      size: 338400
    - path: src\features\feature_engg.py
      hash: md5
      md5: 4e8f076b0ebdec96df0c16085c4ed107
      size: 3446
    params:
      params.yaml:
        feature_engg.max_features: 1500
    outs:
    - path: data\interim\test_bow.csv
      hash: md5
      md5: 50b76ce414d8804f204bb6e51f4b7b80
      size: 12465848
    - path: data\interim\train_bow.csv
      hash: md5
      md5: 33bf32539b23e4ae06217d40e920a6d2
      size: 18694070
  modelling:
    cmd: python src\models\modelling.py
    deps:
    - path: data\interim\train_bow.csv
      hash: md5
      md5: 33bf32539b23e4ae06217d40e920a6d2
      size: 18694070
    - path: src\models\modelling.py
      hash: md5
      md5: f8b5fb10617d3cd21dbc35ce94088d3d
      size: 2819
    outs:
    - path: models\random_forest_model.pkl
      hash: md5
      md5: 0221305b97e65d29ef4316a93d2a2c21
      size: 6605209
  model_evaluation:
    cmd: python src\models\model_evaluation.py
    deps:
    - path: data\interim\test_bow.csv
      hash: md5
      md5: 50b76ce414d8804f204bb6e51f4b7b80
      size: 12465848
    - path: models\random_forest_model.pkl
      hash: md5
      md5: 0221305b97e65d29ef4316a93d2a2c21
      size: 6605209
    - path: src\models\model_evaluation.py
      hash: md5
      md5: 4b49fbb98b83beebfffab3b4c14cf629
      size: 3062
    params:
      params.yaml:
        modelling.max_depth: 30
        modelling.n_estimators: 110
    outs:
    - path: reports\evaluation_metrics.json
      hash: md5
      md5: b1313de5ceccfb4fbca966ae1955f318
      size: 113
