schema: '2.0'
stages:
  data_ingestion:
    cmd: python src\data\data_ingestion.py
    deps:
    - path: src\data\data_ingestion.py
      hash: md5
      md5: c436f8718f7fb82b0d3bd355a8ffed02
      size: 3476
    params:
      params.yaml:
        data_ingestion.test_size: 0.4
    outs:
    - path: data\raw\test.csv
      hash: md5
      md5: 8d028d8e5c28585383276fd4538c8c39
      size: 332828
    - path: data\raw\train.csv
      hash: md5
      md5: 3aa2c149180d8f56d4acdf630b608979
      size: 495145
  data_preprocessing:
    cmd: python src\data\data_preprocessing.py
    deps:
    - path: data\raw\test.csv
      hash: md5
      md5: 8d028d8e5c28585383276fd4538c8c39
      size: 332828
    - path: data\raw\train.csv
      hash: md5
      md5: 3aa2c149180d8f56d4acdf630b608979
      size: 495145
    - path: src\data\data_preprocessing.py
      hash: md5
      md5: f89bc7dfdb14b3d04f5218b459e3ce2f
      size: 5494
    outs:
    - path: data\processed\test.csv
      hash: md5
      md5: edadc2b328531fd362d9db7d4838250b
      size: 227810
    - path: data\processed\train.csv
      hash: md5
      md5: 7e9214ed333be88bfa1c3d2475204133
      size: 338400
  feature_engg:
    cmd: python src\features\feature_engg.py
    deps:
    - path: data\processed\test.csv
      hash: md5
      md5: edadc2b328531fd362d9db7d4838250b
      size: 227810
    - path: data\processed\train.csv
      hash: md5
      md5: 7e9214ed333be88bfa1c3d2475204133
      size: 338400
    - path: src\features\feature_engg.py
      hash: md5
      md5: 9adb60ea62d7a73f2e07a5751a73f6e5
      size: 3461
    params:
      params.yaml:
        feature_engg.max_features: 1500
    outs:
    - path: data\interim\test_tfidf.csv
      hash: md5
      md5: e38a407f94366246fa45f1b160e78b3b
      size: 25271843
    - path: data\interim\train_tfidf.csv
      hash: md5
      md5: 71b501bb46a4a5ef0da7aca936b004c0
      size: 37917831
  modelling:
    cmd: python src\models\modelling.py
    deps:
    - path: data\interim\train_tfidf.csv
      hash: md5
      md5: 71b501bb46a4a5ef0da7aca936b004c0
      size: 37917831
    - path: src\models\modelling.py
      hash: md5
      md5: b741758de44de558ca51c1b981b886a1
      size: 2821
    outs:
    - path: models\random_forest_model.pkl
      hash: md5
      md5: 664b9118cd6433966329471603d8aa16
      size: 5977768
  model_evaluation:
    cmd: python src\models\model_evaluation.py
    deps:
    - path: data\interim\test_tfidf.csv
      hash: md5
      md5: e38a407f94366246fa45f1b160e78b3b
      size: 25271843
    - path: models\random_forest_model.pkl
      hash: md5
      md5: 664b9118cd6433966329471603d8aa16
      size: 5977768
    - path: src\models\model_evaluation.py
      hash: md5
      md5: 6813573795bbcdb682e03c7efc8b0250
      size: 3064
    params:
      params.yaml:
        modelling.max_depth: 30
        modelling.n_estimators: 110
    outs:
    - path: reports\evaluation_metrics.json
      hash: md5
      md5: 9f4546ded9ae21063e6e78b77050901d
      size: 113
